// !$*UTF8*$!
{
	archiveVersion = 1;
	classes = {
	};
	objectVersion = 48;
	objects = {

/* Begin PBXBuildFile section */
		067F9AD323B5324100D8348F /* AppDelegate.swift in Sources */ = {isa = PBXBuildFile; fileRef = 067F9AD223B5324100D8348F /* AppDelegate.swift */; };
		067F9AD523B5324100D8348F /* ViewController.swift in Sources */ = {isa = PBXBuildFile; fileRef = 067F9AD423B5324100D8348F /* ViewController.swift */; };
		067F9AD823B5324100D8348F /* Main.storyboard in Resources */ = {isa = PBXBuildFile; fileRef = 067F9AD623B5324100D8348F /* Main.storyboard */; };
		067F9ADB23B5324100D8348F /* Lab4.xcdatamodeld in Sources */ = {isa = PBXBuildFile; fileRef = 067F9AD923B5324100D8348F /* Lab4.xcdatamodeld */; };
		067F9ADD23B5324100D8348F /* Assets.xcassets in Resources */ = {isa = PBXBuildFile; fileRef = 067F9ADC23B5324100D8348F /* Assets.xcassets */; };
		067F9AE023B5324100D8348F /* LaunchScreen.storyboard in Resources */ = {isa = PBXBuildFile; fileRef = 067F9ADE23B5324100D8348F /* LaunchScreen.storyboard */; };
/* End PBXBuildFile section */

/* Begin PBXFileReference section */
		067F9ACF23B5324100D8348F /* Lab4.app */ = {isa = PBXFileReference; explicitFileType = wrapper.application; includeInIndex = 0; path = Lab4.app; sourceTree = BUILT_PRODUCTS_DIR; };
		067F9AD223B5324100D8348F /* AppDelegate.swift */ = {isa = PBXFileReference; lastKnownFileType = sourcecode.swift; path = AppDelegate.swift; sourceTree = "<group>"; };
		067F9AD423B5324100D8348F /* ViewController.swift */ = {isa = PBXFileReference; lastKnownFileType = sourcecode.swift; path = ViewController.swift; sourceTree = "<group>"; };
		067F9AD723B5324100D8348F /* Base */ = {isa = PBXFileReference; lastKnownFileType = file.storyboard; name = Base; path = Base.lproj/Main.storyboard; sourceTree = "<group>"; };
		067F9ADA23B5324100D8348F /* Lab4.xcdatamodel */ = {isa = PBXFileReference; lastKnownFileType = wrapper.xcdatamodel; path = Lab4.xcdatamodel; sourceTree = "<group>"; };
		067F9ADC23B5324100D8348F /* Assets.xcassets */ = {isa = PBXFileReference; lastKnownFileType = folder.assetcatalog; path = Assets.xcassets; sourceTree = "<group>"; };
		067F9ADF23B5324100D8348F /* Base */ = {isa = PBXFileReference; lastKnownFileType = file.storyboard; name = Base; path = Base.lproj/LaunchScreen.storyboard; sourceTree = "<group>"; };
		067F9AE123B5324100D8348F /* Info.plist */ = {isa = PBXFileReference; lastKnownFileType = text.plist.xml; path = Info.plist; sourceTree = "<group>"; };
		067F9AE723B5327E00D8348F /* Nought.png */ = {isa = PBXFileReference; lastKnownFileType = image.png; name = Nought.png; path = ../../Nought.png; sourceTree = "<group>"; };
		067F9AE823B5327E00D8348F /* Cross.png */ = {isa = PBXFileReference; lastKnownFileType = image.png; name = Cross.png; path = ../../Cross.png; sourceTree = "<group>"; };
		067F9AE923B5327E00D8348F /* Board.png */ = {isa = PBXFileReference; lastKnownFileType = image.png; name = Board.png; path = ../../Board.png; sourceTree = "<group>"; };
/* End PBXFileReference section */

/* Begin PBXFrameworksBuildPhase section */
		067F9ACC23B5324100D8348F /* Frameworks */ = {
			isa = PBXFrameworksBuildPhase;
			buildActionMask = 2147483647;
			files = (
			);
			runOnlyForDeploymentPostprocessing = 0;
		};
/* End PBXFrameworksBuildPhase section */

/* Begin PBXGroup section */
		067F9AC623B5324100D8348F = {
			isa = PBXGroup;
			children = (
				067F9AD123B5324100D8348F /* Lab4 */,
				067F9AD023B5324100D8348F /* Products */,
			);
			sourceTree = "<group>";
		};
		067F9AD023B5324100D8348F /* Products */ = {
			isa = PBXGroup;
			children = (
				067F9ACF23B5324100D8348F /* Lab4.app */,
			);
			name = Products;
			sourceTree = "<group>";
		};
		067F9AD123B5324100D8348F /* Lab4 */ = {
			isa = PBXGroup;
			children = (
				067F9AD223B5324100D8348F /* AppDelegate.swift */,
				067F9AD423B5324100D8348F /* ViewController.swift */,
				067F9AD623B5324100D8348F /* Main.storyboard */,
				067F9ADC23B5324100D8348F /* Assets.xcassets */,
				067F9ADE23B5324100D8348F /* LaunchScreen.storyboard */,
				067F9AE123B5324100D8348F /* Info.plist */,
				067F9AD923B5324100D8348F /* Lab4.xcdatamodeld */,
				067F9AE923B5327E00D8348F /* Board.png */,
				067F9AE823B5327E00D8348F /* Cross.png */,
				067F9AE723B5327E00D8348F /* Nought.png */,
			);
			path = Lab4;
			sourceTree = "<group>";
		};
/* End PBXGroup section */

/* Begin PBXNativeTarget section */
		067F9ACE23B5324100D8348F /* Lab4 */ = {
			isa = PBXNativeTarget;
			buildConfigurationList = 067F9AE423B5324100D8348F /* Build configuration list for PBXNativeTarget "Lab4" */;
			buildPhases = (
				067F9ACB23B5324100D8348F /* Sources */,
				067F9ACC23B5324100D8348F /* Frameworks */,
				067F9ACD23B5324100D8348F /* Resources */,
			);
			buildRules = (
			);
			dependencies = (
			);
			name = Lab4;
			productName = Lab4;
			productReference = 067F9ACF23B5324100D8348F /* Lab4.app */;
			productType = "com.apple.product-type.application";
		};
/* End PBXNativeTarget section */

/* Begin PBXProject section */
		067F9AC723B5324100D8348F /* Project object */ = {
			isa = PBXProject;
			attributes = {
				LastSwiftUpdateCheck = 0900;
				LastUpgradeCheck = 0900;
				ORGANIZATIONNAME = Rqvtkha;
				TargetAttributes = {
					067F9ACE23B5324100D8348F = {
						CreatedOnToolsVersion = 9.0;
						ProvisioningStyle = Automatic;
					};
				};
			};
			buildConfigurationList = 067F9ACA23B5324100D8348F /* Build configuration list for PBXProject "Lab4" */;
			compatibilityVersion = "Xcode 8.0";
			developmentRegion = en;
			hasScannedForEncodings = 0;
			knownRegions = (
				en,
				Base,
			);
			mainGroup = 067F9AC623B5324100D8348F;
			productRefGroup = 067F9AD023B5324100D8348F /* Products */;
			projectDirPath = "";
			projectRoot = "";
			targets = (
				067F9ACE23B5324100D8348F /* Lab4 */,
			);
		};
/* End PBXProject section */

/* Begin PBXResourcesBuildPhase section */
		067F9ACD23B5324100D8348F /* Resources */ = {
			isa = PBXResourcesBuildPhase;
			buildActionMask = 2147483647;
			files = (
				067F9AE023B5324100D8348F /* LaunchScreen.storyboard in Resources */,
				067F9ADD23B5324100D8348F /* Assets.xcassets in Resources */,
				067F9AD823B5324100D8348F /* Main.storyboard in Resources */,
			);
			runOnlyForDeploymentPostprocessing = 0;
		};
/* End PBXResourcesBuildPhase section */

/* Begin PBXSourcesBuildPhase section */
		067F9ACB23B5324100D8348F /* Sources */ = {
			isa = PBXSourcesBuildPhase;
			buildActionMask = 2147483647;
			files = (
				067F9AD523B5324100D8348F /* ViewController.swift in Sources */,
				067F9AD323B5324100D8348F /* AppDelegate.swift in Sources */,
				067F9ADB23B5324100D8348F /* Lab4.xcdatamodeld in Sources */,
			);
			runOnlyForDeploymentPostprocessing = 0;
		};
/* End PBXSourcesBuildPhase section */

/* Begin PBXVariantGroup section */
		067F9AD623B5324100D8348F /* Main.storyboard */ = {
			isa = PBXVariantGroup;
			children = (
				067F9AD723B5324100D8348F /* Base */,
			);
			name = Main.storyboard;
			sourceTree = "<group>";
		};
		067F9ADE23B5324100D8348F /* LaunchScreen.storyboard */ = {
			isa = PBXVariantGroup;
			children = (
				067F9ADF23B5324100D8348F /* Base */,
			);
			name = LaunchScreen.storyboard;
			sourceTree = "<group>";
		};
/* End PBXVariantGroup section */

/* Begin XCBuildConfiguration section */
		067F9AE223B5324100D8348F /* Debug */ = {
			isa = XCBuildConfiguration;
			buildSettings = {
				ALWAYS_SEARCH_USER_PATHS = NO;
				CLANG_ANALYZER_NONNULL = YES;
				CLANG_ANALYZER_NUMBER_OBJECT_CONVERSION = YES_AGGRESSIVE;
				CLANG_CXX_LANGUAGE_STANDARD = "gnu++14";
				CLANG_CXX_LIBRARY = "libc++";
				CLANG_ENABLE_MODULES = YES;
				CLANG_ENABLE_OBJC_ARC = YES;
				CLANG_WARN_BLOCK_CAPTURE_AUTORELEASING = YES;
				CLANG_WARN_BOOL_CONVERSION = YES;
				CLANG_WARN_COMMA = YES;
				CLANG_WARN_CONSTANT_CONVERSION = YES;
				CLANG_WARN_DIRECT_OBJC_ISA_USAGE = YES_ERROR;
				CLANG_WARN_DOCUMENTATION_COMMENTS = YES;
				CLANG_WARN_EMPTY_BODY = YES;
				CLANG_WARN_ENUM_CONVERSION = YES;
				CLANG_WARN_INFINITE_RECURSION = YES;
				CLANG_WARN_INT_CONVERSION = YES;
				CLANG_WARN_NON_LITERAL_NULL_CONVERSION = YES;
				CLANG_WARN_OBJC_LITERAL_CONVERSION = YES;
				CLANG_WARN_OBJC_ROOT_CLASS = YES_ERROR;
				CLANG_WARN_RANGE_LOOP_ANALYSIS = YES;
				CLANG_WARN_STRICT_PROTOTYPES = YES;
				CLANG_WARN_SUSPICIOUS_MOVE = YES;
				CLANG_WARN_UNGUARDED_AVAILABILITY = YES_AGGRESSIVE;
				CLANG_WARN_UNREACHABLE_CODE = YES;
				CLANG_WARN__DUPLICATE_METHOD_MATCH = YES;
				CODE_SIGN_IDENTITY = "iPhone Developer";
				COPY_PHASE_STRIP = NO;
				DEBUG_INFORMATION_FORMAT = dwarf;
				ENABLE_STRICT_OBJC_MSGSEND = YES;
				ENABLE_TESTABILITY = YES;
				GCC_C_LANGUAGE_STANDARD = gnu11;
				GCC_DYNAMIC_NO_PIC = NO;
				GCC_NO_COMMON_BLOCKS = YES;
				GCC_OPTIMIZATION_LEVEL = 0;
				GCC_PREPROCESSOR_DEFINITIONS = (
					"DEBUG=1",
					"$(inherited)",
				);
				GCC_WARN_64_TO_32_BIT_CONVERSION = YES;
				GCC_WARN_ABOUT_RETURN_TYPE = YES_ERROR;
				GCC_WARN_UNDECLARED_SELECTOR = YES;
				GCC_WARN_UNINITIALIZED_AUTOS = YES_AGGRESSIVE;
				GCC_WARN_UNUSED_FUNCTION = YES;
				GCC_WARN_UNUSED_VARIABLE = YES;
				IPHONEOS_DEPLOYMENT_TARGET = 11.0;
				MTL_ENABLE_DEBUG_INFO = YES;
				ONLY_ACTIVE_ARCH = YES;
				SDKROOT = iphoneos;
				SWIFT_ACTIVE_COMPILATION_CONDITIONS = DEBUG;
				SWIFT_OPTIMIZATION_LEVEL = "-Onone";
			};
			name = Debug;
		};
		067F9AE323B5324100D8348F /* Release */ = {
			isa = XCBuildConfiguration;
			buildSettings = {
				ALWAYS_SEARCH_USER_PATHS = NO;
				CLANG_ANALYZER_NONNULL = YES;
				CLANG_ANALYZER_NUMBER_OBJECT_CONVERSION = YES_AGGRESSIVE;
				CLANG_CXX_LANGUAGE_STANDARD = "gnu++14";
				CLANG_CXX_LIBRARY = "libc++";
				CLANG_ENABLE_MODULES = YES;
				CLANG_ENABLE_OBJC_ARC = YES;
				CLANG_WARN_BLOCK_CAPTURE_AUTORELEASING = YES;
				CLANG_WARN_BOOL_CONVERSION = YES;
				CLANG_WARN_COMMA = YES;
				CLANG_WARN_CONSTANT_CONVERSION = YES;
				CLANG_WARN_DIRECT_OBJC_ISA_USAGE = YES_ERROR;
				CLANG_WARN_DOCUMENTATION_COMMENTS = YES;
				CLANG_WARN_EMPTY_BODY = YES;
				CLANG_WARN_ENUM_CONVERSION = YES;
				CLANG_WARN_INFINITE_RECURSION = YES;
				CLANG_WARN_INT_CONVERSION = YES;
				CLANG_WARN_NON_LITERAL_NULL_CONVERSION = YES;
				CLANG_WARN_OBJC_LITERAL_CONVERSION = YES;
				CLANG_WARN_OBJC_ROOT_CLASS = YES_ERROR;
				CLANG_WARN_RANGE_LOOP_ANALYSIS = YES;
				CLANG_WARN_STRICT_PROTOTYPES = YES;
				CLANG_WARN_SUSPICIOUS_MOVE = YES;
				CLANG_WARN_UNGUARDED_AVAILABILITY = YES_AGGRESSIVE;
				CLANG_WARN_UNREACHABLE_CODE = YES;
				CLANG_WARN__DUPLICATE_METHOD_MATCH = YES;
				CODE_SIGN_IDENTITY = "iPhone Developer";
				COPY_PHASE_STRIP = NO;
				DEBUG_INFORMATION_FORMAT = "dwarf-with-dsym";
				ENABLE_NS_ASSERTIONS = NO;
				ENABLE_STRICT_OBJC_MSGSEND = YES;
				GCC_C_LANGUAGE_STANDARD = gnu11;
				GCC_NO_COMMON_BLOCKS = YES;
				GCC_WARN_64_TO_32_BIT_CONVERSION = YES;
				GCC_WARN_ABOUT_RETURN_TYPE = YES_ERROR;
				GCC_WARN_UNDECLARED_SELECTOR = YES;
				GCC_WARN_UNINITIALIZED_AUTOS = YES_AGGRESSIVE;
				GCC_WARN_UNUSED_FUNCTION = YES;
				GCC_WARN_UNUSED_VARIABLE = YES;
				IPHONEOS_DEPLOYMENT_TARGET = 11.0;
				MTL_ENABLE_DEBUG_INFO = NO;
				SDKROOT = iphoneos;
				SWIFT_OPTIMIZATION_LEVEL = "-Owholemodule";
				VALIDATE_PRODUCT = YES;
			};
			name = Release;
		};
		067F9AE523B5324100D8348F /* Debug */ = {
			isa = XCBuildConfiguration;
			buildSettings = {
				ASSETCATALOG_COMPILER_APPICON_NAME = AppIcon;
				CODE_SIGN_STYLE = Automatic;
				DEVELOPMENT_TEAM = KQU4E2RYX9;
				INFOPLIST_FILE = Lab4/Info.plist;
				LD_RUNPATH_SEARCH_PATHS = "$(inherited) @executable_path/Frameworks";
				PRODUCT_BUNDLE_IDENTIFIER = Rqvtkha.RQ.Lab4;
				PRODUCT_NAME = "$(TARGET_NAME)";
				SWIFT_VERSION = 4.0;
				TARGETED_DEVICE_FAMILY = "1,2";
			};
			name = Debug;
		};
		067F9AE623B5324100D8348F /* Release */ = {
			isa = XCBuildConfiguration;
			buildSettings = {
				ASSETCATALOG_COMPILER_APPICON_NAME = AppIcon;
				CODE_SIGN_STYLE = Automatic;
				DEVELOPMENT_TEAM = KQU4E2RYX9;
				INFOPLIST_FILE = Lab4/Info.plist;
				LD_RUNPATH_SEARCH_PATHS = "$(inherited) @executable_path/Frameworks";
				PRODUCT_BUNDLE_IDENTIFIER = Rqvtkha.RQ.Lab4;
				PRODUCT_NAME = "$(TARGET_NAME)";
				SWIFT_VERSION = 4.0;
				TARGETED_DEVICE_FAMILY = "1,2";
			};
			name = Release;
		};
/* End XCBuildConfiguration section */

/* Begin XCConfigurationList section */
		067F9ACA23B5324100D8348F /* Build configuration list for PBXProject "Lab4" */ = {
			isa = XCConfigurationList;
			buildConfigurations = (
				067F9AE223B5324100D8348F /* Debug */,
				067F9AE323B5324100D8348F /* Release */,
			);
			defaultConfigurationIsVisible = 0;
			defaultConfigurationName = Release;
		};
		067F9AE423B5324100D8348F /* Build configuration list for PBXNativeTarget "Lab4" */ = {
			isa = XCConfigurationList;
			buildConfigurations = (
				067F9AE523B5324100D8348F /* Debug */,
				067F9AE623B5324100D8348F /* Release */,
			);
			defaultConfigurationIsVisible = 0;
			defaultConfigurationName = Release;
		};
/* End XCConfigurationList section */

/* Begin XCVersionGroup section */
		067F9AD923B5324100D8348F /* Lab4.xcdatamodeld */ = {
			isa = XCVersionGroup;
			children = (
				067F9ADA23B5324100D8348F /* Lab4.xcdatamodel */,
			);
			currentVersion = 067F9ADA23B5324100D8348F /* Lab4.xcdatamodel */;
			path = Lab4.xcdatamodeld;
			sourceTree = "<group>";
			versionGroupType = wrapper.xcdatamodel;
		};
/* End XCVersionGroup section */
	};
	rootObject = 067F9AC723B5324100D8348F /* Project object */;
}
